
Microsoft Visual Studio Solution File, Format Version 12.00
# Visual Studio Version 16
VisualStudioVersion = 16.0.31402.337
MinimumVisualStudioVersion = 10.0.40219.1
Project("{FAE04EC0-301F-11D3-BF4B-00C04F79EFBC}") = "Mediatek86", "Mediatek86.csproj", "{810296AE-B290-4E67-A945-19806086CAFE}"
EndProject
Project("{FAE04EC0-301F-11D3-BF4B-00C04F79EFBC}") = "Mediatek86Tests", "Mediatek86Tests\Mediatek86Tests.csproj", "{BCCED4F9-704B-442F-A7E1-B1B6412C2A71}"
EndProject
Project("{9A19103F-16F7-4668-BE54-9A1E7A4F7556}") = "SpecFlowMediaTek86", "SpecFlowMediaTek86\SpecFlowMediaTek86.csproj", "{E96ACEDD-1029-4C8F-AF92-B7726F4D0E3B}"
EndProject
Project("{54435603-DBB4-11D2-8724-00A0C9A8B90C}") = "SetupMediatekgestion", "SetupMediatekgestion\SetupMediatekgestion.vdproj", "{10306901-70BF-4F71-A126-D01E99DFAC77}"
EndProject
Global
	GlobalSection(SolutionConfigurationPlatforms) = preSolution
		Debug|Any CPU = Debug|Any CPU
		Release|Any CPU = Release|Any CPU
	EndGlobalSection
	GlobalSection(ProjectConfigurationPlatforms) = postSolution
		{810296AE-B290-4E67-A945-19806086CAFE}.Debug|Any CPU.ActiveCfg = Debug|Any CPU
		{810296AE-B290-4E67-A945-19806086CAFE}.Debug|Any CPU.Build.0 = Debug|Any CPU
		{810296AE-B290-4E67-A945-19806086CAFE}.Release|Any CPU.ActiveCfg = Release|Any CPU
		{810296AE-B290-4E67-A945-19806086CAFE}.Release|Any CPU.Build.0 = Release|Any CPU
		{BCCED4F9-704B-442F-A7E1-B1B6412C2A71}.Debug|Any CPU.ActiveCfg = Debug|Any CPU
		{BCCED4F9-704B-442F-A7E1-B1B6412C2A71}.Debug|Any CPU.Build.0 = Debug|Any CPU
		{BCCED4F9-704B-442F-A7E1-B1B6412C2A71}.Release|Any CPU.ActiveCfg = Release|Any CPU
		{BCCED4F9-704B-442F-A7E1-B1B6412C2A71}.Release|Any CPU.Build.0 = Release|Any CPU
		{E96ACEDD-1029-4C8F-AF92-B7726F4D0E3B}.Debug|Any CPU.ActiveCfg = Debug|Any CPU
		{E96ACEDD-1029-4C8F-AF92-B7726F4D0E3B}.Debug|Any CPU.Build.0 = Debug|Any CPU
		{E96ACEDD-1029-4C8F-AF92-B7726F4D0E3B}.Release|Any CPU.ActiveCfg = Release|Any CPU
		{E96ACEDD-1029-4C8F-AF92-B7726F4D0E3B}.Release|Any CPU.Build.0 = Release|Any CPU
		{10306901-70BF-4F71-A126-D01E99DFAC77}.Debug|Any CPU.ActiveCfg = Debug
		{10306901-70BF-4F71-A126-D01E99DFAC77}.Debug|Any CPU.Build.0 = Debug
		{10306901-70BF-4F71-A126-D01E99DFAC77}.Release|Any CPU.ActiveCfg = Release
		{10306901-70BF-4F71-A126-D01E99DFAC77}.Release|Any CPU.Build.0 = Release
	EndGlobalSection
	GlobalSection(SolutionProperties) = preSolution
		HideSolutionNode = FALSE
	EndGlobalSection
	GlobalSection(ExtensibilityGlobals) = postSolution
		SolutionGuid = {FA23C04D-1211-475E-BCC4-92DE89B07D58}
	EndGlobalSection
EndGlobal
